
Microsoft Visual Studio Solution File, Format Version 12.00
# Visual Studio 15
VisualStudioVersion = 15.0.28307.168
MinimumVisualStudioVersion = 10.0.40219.1
Project("{FAE04EC0-301F-11D3-BF4B-00C04F79EFBC}") = "Field of Dreams", "Field of Dreams\Field of Dreams.csproj", "{C5094AE3-278F-4E0F-8ABE-BCB57B494177}"
EndProject
Global
	GlobalSection(SolutionConfigurationPlatforms) = preSolution
		Debug|Any CPU = Debug|Any CPU
		Release|Any CPU = Release|Any CPU
	EndGlobalSection
	GlobalSection(ProjectConfigurationPlatforms) = postSolution
		{C5094AE3-278F-4E0F-8ABE-BCB57B494177}.Debug|Any CPU.ActiveCfg = Debug|Any CPU
		{C5094AE3-278F-4E0F-8ABE-BCB57B494177}.Debug|Any CPU.Build.0 = Debug|Any CPU
		{C5094AE3-278F-4E0F-8ABE-BCB57B494177}.Release|Any CPU.ActiveCfg = Release|Any CPU
		{C5094AE3-278F-4E0F-8ABE-BCB57B494177}.Release|Any CPU.Build.0 = Release|Any CPU
	EndGlobalSection
	GlobalSection(SolutionProperties) = preSolution
		HideSolutionNode = FALSE
	EndGlobalSection
	GlobalSection(ExtensibilityGlobals) = postSolution
		SolutionGuid = {0B338800-DDFE-4A50-8C67-39C9C18C08D7}
	EndGlobalSection
EndGlobal
